// !$*UTF8*$!
{
	archiveVersion = 1;
	classes = {
	};
	objectVersion = 56;
	objects = {

/* Begin PBXBuildFile section */
		44F789902A7DA00D00A170C2 /* AppDelegate.swift in Sources */ = {isa = PBXBuildFile; fileRef = 44F7898F2A7DA00D00A170C2 /* AppDelegate.swift */; };
		44F789922A7DA00D00A170C2 /* SceneDelegate.swift in Sources */ = {isa = PBXBuildFile; fileRef = 44F789912A7DA00D00A170C2 /* SceneDelegate.swift */; };
		44F789942A7DA00D00A170C2 /* ToDoListViewController.swift in Sources */ = {isa = PBXBuildFile; fileRef = 44F789932A7DA00D00A170C2 /* ToDoListViewController.swift */; };
		44F789992A7DA00E00A170C2 /* Assets.xcassets in Resources */ = {isa = PBXBuildFile; fileRef = 44F789982A7DA00E00A170C2 /* Assets.xcassets */; };
		44F7899C2A7DA00E00A170C2 /* LaunchScreen.storyboard in Resources */ = {isa = PBXBuildFile; fileRef = 44F7899A2A7DA00E00A170C2 /* LaunchScreen.storyboard */; };
		44F789A52A7DA38600A170C2 /* DateFormatter.swift in Sources */ = {isa = PBXBuildFile; fileRef = 44F789A42A7DA38600A170C2 /* DateFormatter.swift */; };
		44F789A72A7DA58D00A170C2 /* TaskModel.swift in Sources */ = {isa = PBXBuildFile; fileRef = 44F789A62A7DA58D00A170C2 /* TaskModel.swift */; };
		44F789A92A7DA62700A170C2 /* TaskManagerService .swift in Sources */ = {isa = PBXBuildFile; fileRef = 44F789A82A7DA62700A170C2 /* TaskManagerService .swift */; };
		44F789AB2A7DA8AD00A170C2 /* TaskCell.swift in Sources */ = {isa = PBXBuildFile; fileRef = 44F789AA2A7DA8AC00A170C2 /* TaskCell.swift */; };
		44F789AD2A7F1AAB00A170C2 /* UIColor.swift in Sources */ = {isa = PBXBuildFile; fileRef = 44F789AC2A7F1AAB00A170C2 /* UIColor.swift */; };
		44F789B02A7F1D0700A170C2 /* AppColorEnum.swift in Sources */ = {isa = PBXBuildFile; fileRef = 44F789AF2A7F1D0700A170C2 /* AppColorEnum.swift */; };
		44F789B62A7F1F5D00A170C2 /* TaskServiceProtocol.swift in Sources */ = {isa = PBXBuildFile; fileRef = 44F789B52A7F1F5D00A170C2 /* TaskServiceProtocol.swift */; };
		44F789BA2A7F22E900A170C2 /* SystemImage.swift in Sources */ = {isa = PBXBuildFile; fileRef = 44F789B92A7F22E900A170C2 /* SystemImage.swift */; };
		44F789BC2A7F265A00A170C2 /* ToDoView.swift in Sources */ = {isa = PBXBuildFile; fileRef = 44F789BB2A7F265A00A170C2 /* ToDoView.swift */; };
		44F789BE2A7F35AF00A170C2 /* ToDoListViewControllerAssembly.swift in Sources */ = {isa = PBXBuildFile; fileRef = 44F789BD2A7F35AF00A170C2 /* ToDoListViewControllerAssembly.swift */; };
		44F789C12A7F35C600A170C2 /* ToDoListViewControllerDeleagte.swift in Sources */ = {isa = PBXBuildFile; fileRef = 44F789C02A7F35C600A170C2 /* ToDoListViewControllerDeleagte.swift */; };
		44F789C32A81AFAB00A170C2 /* ToDoViewProtocol.swift in Sources */ = {isa = PBXBuildFile; fileRef = 44F789C22A81AFAB00A170C2 /* ToDoViewProtocol.swift */; };
/* End PBXBuildFile section */

/* Begin PBXFileReference section */
		44F7898C2A7DA00D00A170C2 /* ToDoApp.app */ = {isa = PBXFileReference; explicitFileType = wrapper.application; includeInIndex = 0; path = ToDoApp.app; sourceTree = BUILT_PRODUCTS_DIR; };
		44F7898F2A7DA00D00A170C2 /* AppDelegate.swift */ = {isa = PBXFileReference; lastKnownFileType = sourcecode.swift; path = AppDelegate.swift; sourceTree = "<group>"; };
		44F789912A7DA00D00A170C2 /* SceneDelegate.swift */ = {isa = PBXFileReference; lastKnownFileType = sourcecode.swift; path = SceneDelegate.swift; sourceTree = "<group>"; };
		44F789932A7DA00D00A170C2 /* ToDoListViewController.swift */ = {isa = PBXFileReference; lastKnownFileType = sourcecode.swift; path = ToDoListViewController.swift; sourceTree = "<group>"; };
		44F789982A7DA00E00A170C2 /* Assets.xcassets */ = {isa = PBXFileReference; lastKnownFileType = folder.assetcatalog; path = Assets.xcassets; sourceTree = "<group>"; };
		44F7899B2A7DA00E00A170C2 /* Base */ = {isa = PBXFileReference; lastKnownFileType = file.storyboard; name = Base; path = Base.lproj/LaunchScreen.storyboard; sourceTree = "<group>"; };
		44F7899D2A7DA00E00A170C2 /* Info.plist */ = {isa = PBXFileReference; lastKnownFileType = text.plist.xml; path = Info.plist; sourceTree = "<group>"; };
		44F789A42A7DA38600A170C2 /* DateFormatter.swift */ = {isa = PBXFileReference; lastKnownFileType = sourcecode.swift; path = DateFormatter.swift; sourceTree = "<group>"; };
		44F789A62A7DA58D00A170C2 /* TaskModel.swift */ = {isa = PBXFileReference; lastKnownFileType = sourcecode.swift; path = TaskModel.swift; sourceTree = "<group>"; };
		44F789A82A7DA62700A170C2 /* TaskManagerService .swift */ = {isa = PBXFileReference; lastKnownFileType = sourcecode.swift; path = "TaskManagerService .swift"; sourceTree = "<group>"; };
		44F789AA2A7DA8AC00A170C2 /* TaskCell.swift */ = {isa = PBXFileReference; lastKnownFileType = sourcecode.swift; path = TaskCell.swift; sourceTree = "<group>"; };
		44F789AC2A7F1AAB00A170C2 /* UIColor.swift */ = {isa = PBXFileReference; lastKnownFileType = sourcecode.swift; path = UIColor.swift; sourceTree = "<group>"; };
		44F789AF2A7F1D0700A170C2 /* AppColorEnum.swift */ = {isa = PBXFileReference; lastKnownFileType = sourcecode.swift; path = AppColorEnum.swift; sourceTree = "<group>"; };
		44F789B52A7F1F5D00A170C2 /* TaskServiceProtocol.swift */ = {isa = PBXFileReference; lastKnownFileType = sourcecode.swift; path = TaskServiceProtocol.swift; sourceTree = "<group>"; };
		44F789B92A7F22E900A170C2 /* SystemImage.swift */ = {isa = PBXFileReference; lastKnownFileType = sourcecode.swift; path = SystemImage.swift; sourceTree = "<group>"; };
		44F789BB2A7F265A00A170C2 /* ToDoView.swift */ = {isa = PBXFileReference; lastKnownFileType = sourcecode.swift; path = ToDoView.swift; sourceTree = "<group>"; };
		44F789BD2A7F35AF00A170C2 /* ToDoListViewControllerAssembly.swift */ = {isa = PBXFileReference; lastKnownFileType = sourcecode.swift; path = ToDoListViewControllerAssembly.swift; sourceTree = "<group>"; };
		44F789C02A7F35C600A170C2 /* ToDoListViewControllerDeleagte.swift */ = {isa = PBXFileReference; lastKnownFileType = sourcecode.swift; path = ToDoListViewControllerDeleagte.swift; sourceTree = "<group>"; };
		44F789C22A81AFAB00A170C2 /* ToDoViewProtocol.swift */ = {isa = PBXFileReference; lastKnownFileType = sourcecode.swift; path = ToDoViewProtocol.swift; sourceTree = "<group>"; };
/* End PBXFileReference section */

/* Begin PBXFrameworksBuildPhase section */
		44F789892A7DA00D00A170C2 /* Frameworks */ = {
			isa = PBXFrameworksBuildPhase;
			buildActionMask = 2147483647;
			files = (
			);
			runOnlyForDeploymentPostprocessing = 0;
		};
/* End PBXFrameworksBuildPhase section */

/* Begin PBXGroup section */
		44F789832A7DA00C00A170C2 = {
			isa = PBXGroup;
			children = (
				44F7898E2A7DA00D00A170C2 /* ToDoApp */,
				44F7898D2A7DA00D00A170C2 /* Products */,
			);
			sourceTree = "<group>";
		};
		44F7898D2A7DA00D00A170C2 /* Products */ = {
			isa = PBXGroup;
			children = (
				44F7898C2A7DA00D00A170C2 /* ToDoApp.app */,
			);
			name = Products;
			sourceTree = "<group>";
		};
		44F7898E2A7DA00D00A170C2 /* ToDoApp */ = {
			isa = PBXGroup;
			children = (
				44F789B72A7F1F9500A170C2 /* TasksFlow */,
				44F789B12A7F1D6700A170C2 /* ServiceLayer */,
				44F789AE2A7F1CF600A170C2 /* Entities */,
				44F789A32A7DA37100A170C2 /* Extensions */,
				44F7898F2A7DA00D00A170C2 /* AppDelegate.swift */,
				44F789912A7DA00D00A170C2 /* SceneDelegate.swift */,
				44F789982A7DA00E00A170C2 /* Assets.xcassets */,
				44F7899A2A7DA00E00A170C2 /* LaunchScreen.storyboard */,
				44F7899D2A7DA00E00A170C2 /* Info.plist */,
			);
			path = ToDoApp;
			sourceTree = "<group>";
		};
		44F789A32A7DA37100A170C2 /* Extensions */ = {
			isa = PBXGroup;
			children = (
				44F789A42A7DA38600A170C2 /* DateFormatter.swift */,
				44F789AC2A7F1AAB00A170C2 /* UIColor.swift */,
			);
			path = Extensions;
			sourceTree = "<group>";
		};
		44F789AE2A7F1CF600A170C2 /* Entities */ = {
			isa = PBXGroup;
			children = (
				44F789A62A7DA58D00A170C2 /* TaskModel.swift */,
				44F789AF2A7F1D0700A170C2 /* AppColorEnum.swift */,
				44F789B92A7F22E900A170C2 /* SystemImage.swift */,
			);
			path = Entities;
			sourceTree = "<group>";
		};
		44F789B12A7F1D6700A170C2 /* ServiceLayer */ = {
			isa = PBXGroup;
			children = (
				44F789B42A7F1F5300A170C2 /* Contracts */,
				44F789A82A7DA62700A170C2 /* TaskManagerService .swift */,
			);
			path = ServiceLayer;
			sourceTree = "<group>";
		};
		44F789B42A7F1F5300A170C2 /* Contracts */ = {
			isa = PBXGroup;
			children = (
				44F789B52A7F1F5D00A170C2 /* TaskServiceProtocol.swift */,
			);
			path = Contracts;
			sourceTree = "<group>";
		};
		44F789B72A7F1F9500A170C2 /* TasksFlow */ = {
			isa = PBXGroup;
			children = (
				44F789BF2A7F35BE00A170C2 /* Contracts */,
				44F789B82A7F1F9E00A170C2 /* Views */,
				44F789932A7DA00D00A170C2 /* ToDoListViewController.swift */,
				44F789BB2A7F265A00A170C2 /* ToDoView.swift */,
				44F789BD2A7F35AF00A170C2 /* ToDoListViewControllerAssembly.swift */,
			);
			path = TasksFlow;
			sourceTree = "<group>";
		};
		44F789B82A7F1F9E00A170C2 /* Views */ = {
			isa = PBXGroup;
			children = (
				44F789AA2A7DA8AC00A170C2 /* TaskCell.swift */,
			);
			path = Views;
			sourceTree = "<group>";
		};
		44F789BF2A7F35BE00A170C2 /* Contracts */ = {
			isa = PBXGroup;
			children = (
				44F789C02A7F35C600A170C2 /* ToDoListViewControllerDeleagte.swift */,
				44F789C22A81AFAB00A170C2 /* ToDoViewProtocol.swift */,
			);
			path = Contracts;
			sourceTree = "<group>";
		};
/* End PBXGroup section */

/* Begin PBXNativeTarget section */
		44F7898B2A7DA00D00A170C2 /* ToDoApp */ = {
			isa = PBXNativeTarget;
			buildConfigurationList = 44F789A02A7DA00E00A170C2 /* Build configuration list for PBXNativeTarget "ToDoApp" */;
			buildPhases = (
				44F789882A7DA00D00A170C2 /* Sources */,
				44F789892A7DA00D00A170C2 /* Frameworks */,
				44F7898A2A7DA00D00A170C2 /* Resources */,
			);
			buildRules = (
			);
			dependencies = (
			);
			name = ToDoApp;
			productName = ToDoApp;
			productReference = 44F7898C2A7DA00D00A170C2 /* ToDoApp.app */;
			productType = "com.apple.product-type.application";
		};
/* End PBXNativeTarget section */

/* Begin PBXProject section */
		44F789842A7DA00C00A170C2 /* Project object */ = {
			isa = PBXProject;
			attributes = {
				BuildIndependentTargetsInParallel = 1;
				LastSwiftUpdateCheck = 1430;
				LastUpgradeCheck = 1430;
				TargetAttributes = {
					44F7898B2A7DA00D00A170C2 = {
						CreatedOnToolsVersion = 14.3.1;
					};
				};
			};
			buildConfigurationList = 44F789872A7DA00C00A170C2 /* Build configuration list for PBXProject "ToDoApp" */;
			compatibilityVersion = "Xcode 14.0";
			developmentRegion = en;
			hasScannedForEncodings = 0;
			knownRegions = (
				en,
				Base,
			);
			mainGroup = 44F789832A7DA00C00A170C2;
			productRefGroup = 44F7898D2A7DA00D00A170C2 /* Products */;
			projectDirPath = "";
			projectRoot = "";
			targets = (
				44F7898B2A7DA00D00A170C2 /* ToDoApp */,
			);
		};
/* End PBXProject section */

/* Begin PBXResourcesBuildPhase section */
		44F7898A2A7DA00D00A170C2 /* Resources */ = {
			isa = PBXResourcesBuildPhase;
			buildActionMask = 2147483647;
			files = (
				44F7899C2A7DA00E00A170C2 /* LaunchScreen.storyboard in Resources */,
				44F789992A7DA00E00A170C2 /* Assets.xcassets in Resources */,
			);
			runOnlyForDeploymentPostprocessing = 0;
		};
/* End PBXResourcesBuildPhase section */

/* Begin PBXSourcesBuildPhase section */
		44F789882A7DA00D00A170C2 /* Sources */ = {
			isa = PBXSourcesBuildPhase;
			buildActionMask = 2147483647;
			files = (
				44F789A52A7DA38600A170C2 /* DateFormatter.swift in Sources */,
				44F789BA2A7F22E900A170C2 /* SystemImage.swift in Sources */,
				44F789B02A7F1D0700A170C2 /* AppColorEnum.swift in Sources */,
				44F789BE2A7F35AF00A170C2 /* ToDoListViewControllerAssembly.swift in Sources */,
				44F789AB2A7DA8AD00A170C2 /* TaskCell.swift in Sources */,
				44F789942A7DA00D00A170C2 /* ToDoListViewController.swift in Sources */,
				44F789A72A7DA58D00A170C2 /* TaskModel.swift in Sources */,
				44F789A92A7DA62700A170C2 /* TaskManagerService .swift in Sources */,
				44F789B62A7F1F5D00A170C2 /* TaskServiceProtocol.swift in Sources */,
				44F789C12A7F35C600A170C2 /* ToDoListViewControllerDeleagte.swift in Sources */,
				44F789AD2A7F1AAB00A170C2 /* UIColor.swift in Sources */,
				44F789C32A81AFAB00A170C2 /* ToDoViewProtocol.swift in Sources */,
				44F789902A7DA00D00A170C2 /* AppDelegate.swift in Sources */,
				44F789BC2A7F265A00A170C2 /* ToDoView.swift in Sources */,
				44F789922A7DA00D00A170C2 /* SceneDelegate.swift in Sources */,
			);
			runOnlyForDeploymentPostprocessing = 0;
		};
/* End PBXSourcesBuildPhase section */

/* Begin PBXVariantGroup section */
		44F7899A2A7DA00E00A170C2 /* LaunchScreen.storyboard */ = {
			isa = PBXVariantGroup;
			children = (
				44F7899B2A7DA00E00A170C2 /* Base */,
			);
			name = LaunchScreen.storyboard;
			sourceTree = "<group>";
		};
/* End PBXVariantGroup section */

/* Begin XCBuildConfiguration section */
		44F7899E2A7DA00E00A170C2 /* Debug */ = {
			isa = XCBuildConfiguration;
			buildSettings = {
				ALWAYS_SEARCH_USER_PATHS = NO;
				CLANG_ANALYZER_NONNULL = YES;
				CLANG_ANALYZER_NUMBER_OBJECT_CONVERSION = YES_AGGRESSIVE;
				CLANG_CXX_LANGUAGE_STANDARD = "gnu++20";
				CLANG_ENABLE_MODULES = YES;
				CLANG_ENABLE_OBJC_ARC = YES;
				CLANG_ENABLE_OBJC_WEAK = YES;
				CLANG_WARN_BLOCK_CAPTURE_AUTORELEASING = YES;
				CLANG_WARN_BOOL_CONVERSION = YES;
				CLANG_WARN_COMMA = YES;
				CLANG_WARN_CONSTANT_CONVERSION = YES;
				CLANG_WARN_DEPRECATED_OBJC_IMPLEMENTATIONS = YES;
				CLANG_WARN_DIRECT_OBJC_ISA_USAGE = YES_ERROR;
				CLANG_WARN_DOCUMENTATION_COMMENTS = YES;
				CLANG_WARN_EMPTY_BODY = YES;
				CLANG_WARN_ENUM_CONVERSION = YES;
				CLANG_WARN_INFINITE_RECURSION = YES;
				CLANG_WARN_INT_CONVERSION = YES;
				CLANG_WARN_NON_LITERAL_NULL_CONVERSION = YES;
				CLANG_WARN_OBJC_IMPLICIT_RETAIN_SELF = YES;
				CLANG_WARN_OBJC_LITERAL_CONVERSION = YES;
				CLANG_WARN_OBJC_ROOT_CLASS = YES_ERROR;
				CLANG_WARN_QUOTED_INCLUDE_IN_FRAMEWORK_HEADER = YES;
				CLANG_WARN_RANGE_LOOP_ANALYSIS = YES;
				CLANG_WARN_STRICT_PROTOTYPES = YES;
				CLANG_WARN_SUSPICIOUS_MOVE = YES;
				CLANG_WARN_UNGUARDED_AVAILABILITY = YES_AGGRESSIVE;
				CLANG_WARN_UNREACHABLE_CODE = YES;
				CLANG_WARN__DUPLICATE_METHOD_MATCH = YES;
				COPY_PHASE_STRIP = NO;
				DEBUG_INFORMATION_FORMAT = dwarf;
				ENABLE_STRICT_OBJC_MSGSEND = YES;
				ENABLE_TESTABILITY = YES;
				GCC_C_LANGUAGE_STANDARD = gnu11;
				GCC_DYNAMIC_NO_PIC = NO;
				GCC_NO_COMMON_BLOCKS = YES;
				GCC_OPTIMIZATION_LEVEL = 0;
				GCC_PREPROCESSOR_DEFINITIONS = (
					"DEBUG=1",
					"$(inherited)",
				);
				GCC_WARN_64_TO_32_BIT_CONVERSION = YES;
				GCC_WARN_ABOUT_RETURN_TYPE = YES_ERROR;
				GCC_WARN_UNDECLARED_SELECTOR = YES;
				GCC_WARN_UNINITIALIZED_AUTOS = YES_AGGRESSIVE;
				GCC_WARN_UNUSED_FUNCTION = YES;
				GCC_WARN_UNUSED_VARIABLE = YES;
				IPHONEOS_DEPLOYMENT_TARGET = 16.4;
				MTL_ENABLE_DEBUG_INFO = INCLUDE_SOURCE;
				MTL_FAST_MATH = YES;
				ONLY_ACTIVE_ARCH = YES;
				SDKROOT = iphoneos;
				SWIFT_ACTIVE_COMPILATION_CONDITIONS = DEBUG;
				SWIFT_OPTIMIZATION_LEVEL = "-Onone";
			};
			name = Debug;
		};
		44F7899F2A7DA00E00A170C2 /* Release */ = {
			isa = XCBuildConfiguration;
			buildSettings = {
				ALWAYS_SEARCH_USER_PATHS = NO;
				CLANG_ANALYZER_NONNULL = YES;
				CLANG_ANALYZER_NUMBER_OBJECT_CONVERSION = YES_AGGRESSIVE;
				CLANG_CXX_LANGUAGE_STANDARD = "gnu++20";
				CLANG_ENABLE_MODULES = YES;
				CLANG_ENABLE_OBJC_ARC = YES;
				CLANG_ENABLE_OBJC_WEAK = YES;
				CLANG_WARN_BLOCK_CAPTURE_AUTORELEASING = YES;
				CLANG_WARN_BOOL_CONVERSION = YES;
				CLANG_WARN_COMMA = YES;
				CLANG_WARN_CONSTANT_CONVERSION = YES;
				CLANG_WARN_DEPRECATED_OBJC_IMPLEMENTATIONS = YES;
				CLANG_WARN_DIRECT_OBJC_ISA_USAGE = YES_ERROR;
				CLANG_WARN_DOCUMENTATION_COMMENTS = YES;
				CLANG_WARN_EMPTY_BODY = YES;
				CLANG_WARN_ENUM_CONVERSION = YES;
				CLANG_WARN_INFINITE_RECURSION = YES;
				CLANG_WARN_INT_CONVERSION = YES;
				CLANG_WARN_NON_LITERAL_NULL_CONVERSION = YES;
				CLANG_WARN_OBJC_IMPLICIT_RETAIN_SELF = YES;
				CLANG_WARN_OBJC_LITERAL_CONVERSION = YES;
				CLANG_WARN_OBJC_ROOT_CLASS = YES_ERROR;
				CLANG_WARN_QUOTED_INCLUDE_IN_FRAMEWORK_HEADER = YES;
				CLANG_WARN_RANGE_LOOP_ANALYSIS = YES;
				CLANG_WARN_STRICT_PROTOTYPES = YES;
				CLANG_WARN_SUSPICIOUS_MOVE = YES;
				CLANG_WARN_UNGUARDED_AVAILABILITY = YES_AGGRESSIVE;
				CLANG_WARN_UNREACHABLE_CODE = YES;
				CLANG_WARN__DUPLICATE_METHOD_MATCH = YES;
				COPY_PHASE_STRIP = NO;
				DEBUG_INFORMATION_FORMAT = "dwarf-with-dsym";
				ENABLE_NS_ASSERTIONS = NO;
				ENABLE_STRICT_OBJC_MSGSEND = YES;
				GCC_C_LANGUAGE_STANDARD = gnu11;
				GCC_NO_COMMON_BLOCKS = YES;
				GCC_WARN_64_TO_32_BIT_CONVERSION = YES;
				GCC_WARN_ABOUT_RETURN_TYPE = YES_ERROR;
				GCC_WARN_UNDECLARED_SELECTOR = YES;
				GCC_WARN_UNINITIALIZED_AUTOS = YES_AGGRESSIVE;
				GCC_WARN_UNUSED_FUNCTION = YES;
				GCC_WARN_UNUSED_VARIABLE = YES;
				IPHONEOS_DEPLOYMENT_TARGET = 16.4;
				MTL_ENABLE_DEBUG_INFO = NO;
				MTL_FAST_MATH = YES;
				SDKROOT = iphoneos;
				SWIFT_COMPILATION_MODE = wholemodule;
				SWIFT_OPTIMIZATION_LEVEL = "-O";
				VALIDATE_PRODUCT = YES;
			};
			name = Release;
		};
		44F789A12A7DA00E00A170C2 /* Debug */ = {
			isa = XCBuildConfiguration;
			buildSettings = {
				ASSETCATALOG_COMPILER_APPICON_NAME = AppIcon;
				ASSETCATALOG_COMPILER_GLOBAL_ACCENT_COLOR_NAME = AccentColor;
				CODE_SIGN_STYLE = Automatic;
				CURRENT_PROJECT_VERSION = 1;
				DEVELOPMENT_TEAM = 8PTPJAPGUH;
				GENERATE_INFOPLIST_FILE = YES;
				INFOPLIST_FILE = ToDoApp/Info.plist;
				INFOPLIST_KEY_UIApplicationSupportsIndirectInputEvents = YES;
				INFOPLIST_KEY_UILaunchStoryboardName = LaunchScreen;
				INFOPLIST_KEY_UISupportedInterfaceOrientations_iPad = "UIInterfaceOrientationPortrait UIInterfaceOrientationPortraitUpsideDown UIInterfaceOrientationLandscapeLeft UIInterfaceOrientationLandscapeRight";
				INFOPLIST_KEY_UISupportedInterfaceOrientations_iPhone = "UIInterfaceOrientationPortrait UIInterfaceOrientationLandscapeLeft UIInterfaceOrientationLandscapeRight";
				LD_RUNPATH_SEARCH_PATHS = (
					"$(inherited)",
					"@executable_path/Frameworks",
				);
				MARKETING_VERSION = 1.0;
				PRODUCT_BUNDLE_IDENTIFIER = dolludaa.ToDoApp;
				PRODUCT_NAME = "$(TARGET_NAME)";
				SWIFT_EMIT_LOC_STRINGS = YES;
				SWIFT_VERSION = 5.0;
				TARGETED_DEVICE_FAMILY = "1,2";
			};
			name = Debug;
		};
		44F789A22A7DA00E00A170C2 /* Release */ = {
			isa = XCBuildConfiguration;
			buildSettings = {
				ASSETCATALOG_COMPILER_APPICON_NAME = AppIcon;
				ASSETCATALOG_COMPILER_GLOBAL_ACCENT_COLOR_NAME = AccentColor;
				CODE_SIGN_STYLE = Automatic;
				CURRENT_PROJECT_VERSION = 1;
				DEVELOPMENT_TEAM = 8PTPJAPGUH;
				GENERATE_INFOPLIST_FILE = YES;
				INFOPLIST_FILE = ToDoApp/Info.plist;
				INFOPLIST_KEY_UIApplicationSupportsIndirectInputEvents = YES;
				INFOPLIST_KEY_UILaunchStoryboardName = LaunchScreen;
				INFOPLIST_KEY_UISupportedInterfaceOrientations_iPad = "UIInterfaceOrientationPortrait UIInterfaceOrientationPortraitUpsideDown UIInterfaceOrientationLandscapeLeft UIInterfaceOrientationLandscapeRight";
				INFOPLIST_KEY_UISupportedInterfaceOrientations_iPhone = "UIInterfaceOrientationPortrait UIInterfaceOrientationLandscapeLeft UIInterfaceOrientationLandscapeRight";
				LD_RUNPATH_SEARCH_PATHS = (
					"$(inherited)",
					"@executable_path/Frameworks",
				);
				MARKETING_VERSION = 1.0;
				PRODUCT_BUNDLE_IDENTIFIER = dolludaa.ToDoApp;
				PRODUCT_NAME = "$(TARGET_NAME)";
				SWIFT_EMIT_LOC_STRINGS = YES;
				SWIFT_VERSION = 5.0;
				TARGETED_DEVICE_FAMILY = "1,2";
			};
			name = Release;
		};
/* End XCBuildConfiguration section */

/* Begin XCConfigurationList section */
		44F789872A7DA00C00A170C2 /* Build configuration list for PBXProject "ToDoApp" */ = {
			isa = XCConfigurationList;
			buildConfigurations = (
				44F7899E2A7DA00E00A170C2 /* Debug */,
				44F7899F2A7DA00E00A170C2 /* Release */,
			);
			defaultConfigurationIsVisible = 0;
			defaultConfigurationName = Release;
		};
		44F789A02A7DA00E00A170C2 /* Build configuration list for PBXNativeTarget "ToDoApp" */ = {
			isa = XCConfigurationList;
			buildConfigurations = (
				44F789A12A7DA00E00A170C2 /* Debug */,
				44F789A22A7DA00E00A170C2 /* Release */,
			);
			defaultConfigurationIsVisible = 0;
			defaultConfigurationName = Release;
		};
/* End XCConfigurationList section */
	};
	rootObject = 44F789842A7DA00C00A170C2 /* Project object */;
}
